<?xml version="1.0" encoding="utf-8"?>
<Project ToolsVersion="4.0" xmlns="http://schemas.microsoft.com/developer/msbuild/2003">
  <ItemGroup>
    <ClCompile Include="Source\Main.cpp" />
    <ClCompile Include="Source\App.cpp" />
    <ClCompile Include="Source\Log.cpp">
      <Filter>Utils</Filter>
    </ClCompile>
    <ClCompile Include="Source\External\PugiXml\src\pugixml.cpp">
      <Filter>External\PugiXml</Filter>
    </ClCompile>
    <ClCompile Include="Source\PerfTimer.cpp">
      <Filter>Utils</Filter>
    </ClCompile>
    <ClCompile Include="Source\Timer.cpp">
      <Filter>Utils</Filter>
    </ClCompile>
    <ClCompile Include="Source\Scene.cpp">
      <Filter>Scenes</Filter>
    </ClCompile>
    <ClCompile Include="Source\SceneIntro.cpp">
      <Filter>Scenes</Filter>
    </ClCompile>
    <ClCompile Include="Source\SceneLose.cpp">
      <Filter>Scenes</Filter>
    </ClCompile>
    <ClCompile Include="Source\SceneWin.cpp">
      <Filter>Scenes</Filter>
    </ClCompile>
    <ClCompile Include="Source\ModuleController.cpp">
      <Filter>Modules</Filter>
    </ClCompile>
    <ClCompile Include="Source\Player.cpp">
      <Filter>Entities</Filter>
    </ClCompile>
    <ClCompile Include="Source\Render.cpp">
      <Filter>Modules</Filter>
    </ClCompile>
    <ClCompile Include="Source\Textures.cpp">
      <Filter>Modules</Filter>
    </ClCompile>
    <ClCompile Include="Source\Window.cpp">
      <Filter>Modules</Filter>
    </ClCompile>
    <ClCompile Include="Source\Input.cpp">
      <Filter>Modules</Filter>
    </ClCompile>
    <ClCompile Include="Source\Audio.cpp">
      <Filter>Modules</Filter>
    </ClCompile>
    <ClCompile Include="Source\GuiButton.cpp">
      <Filter>GuiControls</Filter>
    </ClCompile>
    <ClCompile Include="Source\GuiCheckBox.cpp">
      <Filter>GuiControls</Filter>
    </ClCompile>
    <ClCompile Include="Source\GuiSlider.cpp">
      <Filter>GuiControls</Filter>
    </ClCompile>
    <ClCompile Include="Source\GuiManager.cpp">
      <Filter>Modules</Filter>
    </ClCompile>
    <ClCompile Include="Source\GameplayHUD.cpp">
      <Filter>Modules</Filter>
    </ClCompile>
    <ClCompile Include="Source\SceneOptions.cpp">
      <Filter>Scenes</Filter>
    </ClCompile>
    <ClCompile Include="Source\ScenePause.cpp">
      <Filter>Scenes</Filter>
    </ClCompile>
    <ClCompile Include="Source\SceneLogo.cpp">
      <Filter>Scenes</Filter>
    </ClCompile>
  </ItemGroup>
  <ItemGroup>
    <ClInclude Include="Source\App.h" />
    <ClInclude Include="Source\Defs.h">
      <Filter>Utils</Filter>
    </ClInclude>
    <ClInclude Include="Source\DynArray.h">
      <Filter>Utils</Filter>
    </ClInclude>
    <ClInclude Include="Source\List.h">
      <Filter>Utils</Filter>
    </ClInclude>
    <ClInclude Include="Source\Log.h">
      <Filter>Utils</Filter>
    </ClInclude>
    <ClInclude Include="Source\Point.h">
      <Filter>Utils</Filter>
    </ClInclude>
    <ClInclude Include="Source\SString.h">
      <Filter>Utils</Filter>
    </ClInclude>
    <ClInclude Include="Source\External\PugiXml\src\pugiconfig.hpp">
      <Filter>External\PugiXml</Filter>
    </ClInclude>
    <ClInclude Include="Source\External\PugiXml\src\pugixml.hpp">
      <Filter>External\PugiXml</Filter>
    </ClInclude>
    <ClInclude Include="Source\Animation.h">
      <Filter>Utils</Filter>
    </ClInclude>
    <ClInclude Include="Source\PerfTimer.h">
      <Filter>Utils</Filter>
    </ClInclude>
    <ClInclude Include="Source\Timer.h">
      <Filter>Utils</Filter>
    </ClInclude>
    <ClInclude Include="Source\SceneWin.h">
      <Filter>Scenes</Filter>
    </ClInclude>
    <ClInclude Include="Source\Scene.h">
      <Filter>Scenes</Filter>
    </ClInclude>
    <ClInclude Include="Source\SceneIntro.h">
      <Filter>Scenes</Filter>
    </ClInclude>
    <ClInclude Include="Source\SceneLose.h">
      <Filter>Scenes</Filter>
    </ClInclude>
    <ClInclude Include="Source\ModuleController.h">
      <Filter>Modules</Filter>
    </ClInclude>
    <ClInclude Include="Source\Player.h">
      <Filter>Entities</Filter>
    </ClInclude>
    <ClInclude Include="Source\Window.h">
      <Filter>Modules</Filter>
    </ClInclude>
    <ClInclude Include="Source\Render.h">
      <Filter>Modules</Filter>
    </ClInclude>
    <ClInclude Include="Source\Textures.h">
      <Filter>Modules</Filter>
    </ClInclude>
    <ClInclude Include="Source\Module.h">
      <Filter>Modules</Filter>
    </ClInclude>
    <ClInclude Include="Source\Input.h">
      <Filter>Modules</Filter>
    </ClInclude>
    <ClInclude Include="Source\Audio.h">
      <Filter>Modules</Filter>
    </ClInclude>
    <ClInclude Include="Source\GuiButton.h">
      <Filter>GuiControls</Filter>
    </ClInclude>
    <ClInclude Include="Source\GuiControl.h">
      <Filter>GuiControls</Filter>
    </ClInclude>
    <ClInclude Include="Source\GuiCheckBox.h">
      <Filter>GuiControls</Filter>
    </ClInclude>
    <ClInclude Include="Source\GuiSlider.h">
      <Filter>GuiControls</Filter>
    </ClInclude>
    <ClInclude Include="Source\GuiManager.h">
      <Filter>Modules</Filter>
    </ClInclude>
    <ClInclude Include="Source\GameplayHUD.h">
      <Filter>Modules</Filter>
    </ClInclude>
    <ClInclude Include="Source\SceneOptions.h">
      <Filter>Scenes</Filter>
    </ClInclude>
    <ClInclude Include="Source\ScenePause.h">
      <Filter>Scenes</Filter>
    </ClInclude>
    <ClInclude Include="Source\SceneLogo.h">
      <Filter>Scenes</Filter>
    </ClInclude>
  </ItemGroup>
  <ItemGroup>
    <Filter Include="External">
      <UniqueIdentifier>{83a966c7-b4bb-4eff-9c2c-3ff3c7b55a60}</UniqueIdentifier>
    </Filter>
    <Filter Include="Utils">
      <UniqueIdentifier>{2cad778a-d356-48b0-9fee-587f1bbb187e}</UniqueIdentifier>
    </Filter>
    <Filter Include="External\PugiXml">
      <UniqueIdentifier>{2855ff7f-53a1-413d-a75b-18b4ade921dd}</UniqueIdentifier>
    </Filter>
    <Filter Include="Scenes">
      <UniqueIdentifier>{1b742246-c96f-4611-9130-54a5b454d596}</UniqueIdentifier>
    </Filter>
    <Filter Include="GuiControls">
      <UniqueIdentifier>{6c019480-795a-411f-beb8-c5600ba423a8}</UniqueIdentifier>
    </Filter>
    <Filter Include="Entities">
      <UniqueIdentifier>{6de5692d-5904-4d7a-ac62-2169b3a9aa72}</UniqueIdentifier>
    </Filter>
    <Filter Include="Modules">
      <UniqueIdentifier>{4c47c638-ffcd-4c4b-a0f4-9407b6892fc1}</UniqueIdentifier>
    </Filter>
  </ItemGroup>
</Project>